github.com/zetxek/adritian-free-hugo-theme v1.6.1 h1:sLJvpaYUzSw9D+aqvA7+T27z8kJ7Q8h9PZQHiZTyD50=
github.com/zetxek/adritian-free-hugo-theme v1.6.1/go.mod h1:RZxMuUPx+AJwqABiHDQWSVEskypgZCqZ0MwOgCvA6o0=
github.com/zetxek/adritian-free-hugo-theme v1.7.14 h1:JSigAybaWU+UJS2AuNBBdMl85zqdjCjMCm2iZOfKULg=
github.com/zetxek/adritian-free-hugo-theme v1.7.14/go.mod h1:RZxMuUPx+AJwqABiHDQWSVEskypgZCqZ0MwOgCvA6o0=
github.com/zetxek/adritian-free-hugo-theme v1.7.15 h1:rZGyWC7NyZeIKxH8IE0tbFKRk1nGLMGyQtZE2foiHww=
github.com/zetxek/adritian-free-hugo-theme v1.7.15/go.mod h1:RZxMuUPx+AJwqABiHDQWSVEskypgZCqZ0MwOgCvA6o0=
